
Microsoft Visual Studio Solution File, Format Version 12.00
# Visual Studio Version 17
VisualStudioVersion = 17.2.32616.157
MinimumVisualStudioVersion = 10.0.40219.1
Project("{9A19103F-16F7-4668-BE54-9A1E7A4F7556}") = "CS_DataTpyes", "CS_DataTpyes\CS_DataTpyes.csproj", "{BBD7FBC0-E831-4FFD-AFAC-DE2FF29E22A9}"
EndProject
Project("{9A19103F-16F7-4668-BE54-9A1E7A4F7556}") = "Assign1", "Assign1\Assign1.csproj", "{7E73521C-0DC1-45A8-A0FB-EACA5F9DED33}"
EndProject
Project("{9A19103F-16F7-4668-BE54-9A1E7A4F7556}") = "collection", "collection\collection.csproj", "{BBA5D881-89E1-4F71-95FE-E49D23B6933A}"
EndProject
Project("{9A19103F-16F7-4668-BE54-9A1E7A4F7556}") = "String", "String\String.csproj", "{75A58FFA-679A-4971-8070-2D1955446E57}"
EndProject
Project("{9A19103F-16F7-4668-BE54-9A1E7A4F7556}") = "Array_operations", "Array_operations\Array_operations.csproj", "{B25F45A2-0FBA-4D36-85AA-AE9BEBF24927}"
EndProject
Project("{9A19103F-16F7-4668-BE54-9A1E7A4F7556}") = "List", "List\List.csproj", "{03AF61A2-53F8-45A0-8A2E-1E1B65F93134}"
EndProject
Project("{9A19103F-16F7-4668-BE54-9A1E7A4F7556}") = "CS_OOPs1", "CS_OOPs1\CS_OOPs1.csproj", "{78F9440E-2E10-4131-B6DD-67E52F486B52}"
EndProject
Project("{9A19103F-16F7-4668-BE54-9A1E7A4F7556}") = "CS_Inheritance_HM", "CS_Inheritance_HM\CS_Inheritance_HM.csproj", "{AFA9AE58-DFF2-47FA-9166-97F8BC0FE1E6}"
EndProject
Project("{2150E333-8FDC-42A3-9474-1A3956D46DE8}") = "Questionnaire", "Questionnaire", "{82B29344-4A52-4B64-B8E9-CAE1A6C4D74A}"
EndProject
Project("{9A19103F-16F7-4668-BE54-9A1E7A4F7556}") = "Question_1", "Question_1\Question_1.csproj", "{BCFF851C-47BD-4BB5-A720-A9EAC548FDEB}"
EndProject
Project("{9A19103F-16F7-4668-BE54-9A1E7A4F7556}") = "Question_2", "Question_2\Question_2.csproj", "{89A0D639-CE2A-49A1-A1EC-4E6BF098B21F}"
EndProject
Project("{9A19103F-16F7-4668-BE54-9A1E7A4F7556}") = "Question_3", "Question_3\Question_3.csproj", "{DE9D433D-B3BA-4BA8-9548-8AAEB4DF58AC}"
EndProject
Project("{9A19103F-16F7-4668-BE54-9A1E7A4F7556}") = "Question_4", "Question_4\Question_4.csproj", "{190B146D-1A94-4127-A487-B913DD97F774}"
EndProject
Project("{9A19103F-16F7-4668-BE54-9A1E7A4F7556}") = "Question_5", "Question_5\Question_5.csproj", "{3DC12C46-39BE-4D47-BB7E-46E64A9CC611}"
EndProject
Project("{9A19103F-16F7-4668-BE54-9A1E7A4F7556}") = "Question_6", "Question_6\Question_6.csproj", "{E82DC8FC-232D-4CDE-A085-2FD06F6AA928}"
EndProject
Project("{9A19103F-16F7-4668-BE54-9A1E7A4F7556}") = "Question_7", "Question_7\Question_7.csproj", "{A5DD932F-4803-4549-B78A-E5700ABF688E}"
EndProject
Project("{9A19103F-16F7-4668-BE54-9A1E7A4F7556}") = "Question_8", "Question_8\Question_8.csproj", "{C22D6340-A711-4388-9FC1-0CC92435DD4A}"
EndProject
Project("{9A19103F-16F7-4668-BE54-9A1E7A4F7556}") = "HM_Project1", "HM_Project1\HM_Project1.csproj", "{89C6C93F-E3F0-4686-9A05-7D3673ABBCF2}"
EndProject
Project("{9A19103F-16F7-4668-BE54-9A1E7A4F7556}") = "digittostring", "digittostring\digittostring.csproj", "{3F52708D-B7D6-4B3C-9815-3BAE2583AC63}"
EndProject
Project("{9A19103F-16F7-4668-BE54-9A1E7A4F7556}") = "CS_Gen_App", "CS_Gen_App\CS_Gen_App.csproj", "{548D0FA7-4BD8-481A-8D45-2D88A39DD9E4}"
EndProject
Project("{9A19103F-16F7-4668-BE54-9A1E7A4F7556}") = "StringExtension", "StringExtension\StringExtension.csproj", "{99F62FE1-EFEB-4CA7-8749-7921CF32B085}"
EndProject
Project("{9A19103F-16F7-4668-BE54-9A1E7A4F7556}") = "LINQ_data", "LIQN_data\LINQ_data.csproj", "{0D03476A-14F4-4544-A4F8-110931F0E4B5}"
EndProject
Project("{9A19103F-16F7-4668-BE54-9A1E7A4F7556}") = "StaffSerialization", "StaffSerialization\StaffSerialization.csproj", "{CF144976-568C-458B-9D38-AB2BC7C48853}"
EndProject
Project("{9A19103F-16F7-4668-BE54-9A1E7A4F7556}") = "Delegate_and_Event", "Delagate_and_Event\Delegate_and_Event.csproj", "{CBBAE2A4-CCAC-4727-B88A-9E60F6A9840B}"
EndProject
Project("{9A19103F-16F7-4668-BE54-9A1E7A4F7556}") = "FileAssignment1", "FileAssignment1\FileAssignment1.csproj", "{0448D12E-B591-4609-9E52-BF5D3FB54D4B}"
EndProject
Project("{9A19103F-16F7-4668-BE54-9A1E7A4F7556}") = "Mypractice", "Mypractice\Mypractice.csproj", "{E57608B1-D883-4655-AEE4-12E82178A0D6}"
EndProject
Project("{9A19103F-16F7-4668-BE54-9A1E7A4F7556}") = "FileReadOperation", "FileReadOperation\FileReadOperation.csproj", "{E907F739-121E-4027-A754-CC522C51E876}"
EndProject
Project("{9A19103F-16F7-4668-BE54-9A1E7A4F7556}") = "FileSalarySLip", "FileSalarySLip\FileSalarySLip.csproj", "{7A44D9BC-EAE0-4F2C-8654-C88BAE4E4502}"
EndProject
Project("{9A19103F-16F7-4668-BE54-9A1E7A4F7556}") = "File_HM", "File_HM\File_HM.csproj", "{212261C7-B692-4A8E-8528-B49394C4F8B2}"
EndProject
Project("{9A19103F-16F7-4668-BE54-9A1E7A4F7556}") = "DateDifference", "DateDifference\DateDifference.csproj", "{1A46C30A-E079-4674-8D00-CB074CB9D8B8}"
EndProject
Project("{2150E333-8FDC-42A3-9474-1A3956D46DE8}") = "Practice Questions", "Practice Questions", "{5B17D558-A461-4B37-BAC7-EDD87E589200}"
EndProject
Project("{9A19103F-16F7-4668-BE54-9A1E7A4F7556}") = "Pattern1", "Pattern1\Pattern1.csproj", "{49DCFB50-C105-4A4A-B1DB-15AEB5A56DE5}"
EndProject
Project("{9A19103F-16F7-4668-BE54-9A1E7A4F7556}") = "mypract1", "mypract1\mypract1.csproj", "{3105C7AC-70EC-4EA9-8096-7EDB96D7A76D}"
EndProject
Project("{9A19103F-16F7-4668-BE54-9A1E7A4F7556}") = "File_HM_CRUD", "File_HM_CRUD\File_HM_CRUD.csproj", "{14818CFA-0F0A-4FE7-8E56-3EFB20006338}"
EndProject
Project("{9A19103F-16F7-4668-BE54-9A1E7A4F7556}") = "serialize_pract", "serialize_pract\serialize_pract.csproj", "{0E51E69A-E6E2-428E-9122-D28CF1F42024}"
EndProject
Project("{9A19103F-16F7-4668-BE54-9A1E7A4F7556}") = "ImageFile", "ImageFile\ImageFile.csproj", "{5D64F47C-67EC-4AEB-AC2B-70336B43A5DB}"
EndProject
Project("{9A19103F-16F7-4668-BE54-9A1E7A4F7556}") = "Directory_Subdirectory_detail", "Dictionary_Subdictionary_detail\Directory_Subdirectory_detail.csproj", "{7C782C30-4572-4E3D-99E4-FDBC71FCE04B}"
EndProject
Project("{9A19103F-16F7-4668-BE54-9A1E7A4F7556}") = "Sourcefile_to_Destinationfile", "Sourcefile_to_Destinationfile\Sourcefile_to_Destinationfile.csproj", "{835B7705-B71C-4C51-8CA9-71C8E0F0B73F}"
EndProject
Project("{9A19103F-16F7-4668-BE54-9A1E7A4F7556}") = "Paint_Extension_Modification", "Paint_Extension_Modification\Paint_Extension_Modification.csproj", "{73033C2F-68BB-40C9-89FD-62B3C3F10898}"
EndProject
Project("{9A19103F-16F7-4668-BE54-9A1E7A4F7556}") = "CSV_operation", "CSV_operation\CSV_operation.csproj", "{1BAA7F87-B63A-4727-88A7-6D1715C7AE14}"
EndProject
Project("{9A19103F-16F7-4668-BE54-9A1E7A4F7556}") = "PartialClass", "PartialClass\PartialClass.csproj", "{AF98EEED-643D-420A-8DBD-DE993F60DA8B}"
EndProject
Project("{2150E333-8FDC-42A3-9474-1A3956D46DE8}") = "Thread-1", "Thread-1", "{A3C4C62B-F761-457D-B6AD-5CBF319E06BC}"
EndProject
Project("{9A19103F-16F7-4668-BE54-9A1E7A4F7556}") = "MoniterEx", "Moniter\MoniterEx.csproj", "{75723CCA-25EF-4529-B747-C93335699265}"
EndProject
Project("{2150E333-8FDC-42A3-9474-1A3956D46DE8}") = "Thread-Assignment1", "Thread-Assignment1", "{513561D7-1011-447A-B4AB-83CD5A30E14B}"
EndProject
Project("{9A19103F-16F7-4668-BE54-9A1E7A4F7556}") = "Thread_File_Sync", "Thread_File_Sync\Thread_File_Sync.csproj", "{21AA395F-A308-4C7A-BB5A-7B75BD61F435}"
EndProject
Project("{9A19103F-16F7-4668-BE54-9A1E7A4F7556}") = "For_Parallel_Thread", "For_Parallel_Thread\For_Parallel_Thread.csproj", "{BCB1F36D-ECE0-47B3-BA82-6A3A8FFDE049}"
EndProject
Project("{9A19103F-16F7-4668-BE54-9A1E7A4F7556}") = "BackGroundThreadAssignment", "BackGroundThreadAssignment\BackGroundThreadAssignment.csproj", "{4C06EA74-9F55-4A16-B0D2-BDA7F5968529}"
EndProject
Project("{9A19103F-16F7-4668-BE54-9A1E7A4F7556}") = "Async_TaxCalculation_Assignment", "Async_TaxCalculation_Assignment\Async_TaxCalculation_Assignment.csproj", "{2B9F4D27-40D2-44F5-A86D-78C5F943AE86}"
EndProject
Project("{9A19103F-16F7-4668-BE54-9A1E7A4F7556}") = "Banking_Application_Assignment", "Banking_Application_Assignment\Banking_Application_Assignment.csproj", "{D8ABF0A9-0F06-41C3-8C86-725AD18665D4}"
EndProject
Project("{2150E333-8FDC-42A3-9474-1A3956D46DE8}") = "DBConnection", "DBConnection", "{9D2FECB2-9E45-4A09-8D4B-997994165D6E}"
EndProject
Project("{9A19103F-16F7-4668-BE54-9A1E7A4F7556}") = "DBConnection", "DBConnection\DBConnection.csproj", "{C3B118FF-4C9C-4995-AA9D-10E9F77E331F}"
EndProject
Project("{2150E333-8FDC-42A3-9474-1A3956D46DE8}") = "StoredProcedureConnection", "StoredProcedureConnection", "{8C0DF5C8-4E7B-4C49-8104-58FF990DF170}"
EndProject
Project("{9A19103F-16F7-4668-BE54-9A1E7A4F7556}") = "SP_DBCOnnection", "SP_DBCOnnection\SP_DBCOnnection.csproj", "{1B0B2AA3-5E1A-4E81-96D9-FACBC7CB51A1}"
EndProject
Project("{2150E333-8FDC-42A3-9474-1A3956D46DE8}") = "DisconnectArchitecture", "DisconnectArchitecture", "{8F718648-325C-40A0-A641-C181B2E47178}"
EndProject
Project("{9A19103F-16F7-4668-BE54-9A1E7A4F7556}") = "DisconnectArchitect", "DisconnectArchitect\DisconnectArchitect.csproj", "{FE0CB079-9FD9-422F-B8EA-F2BA4491558D}"
EndProject
Project("{2150E333-8FDC-42A3-9474-1A3956D46DE8}") = "Dapper", "Dapper", "{075A6AC3-742E-477C-9A7F-2FEB310ED93B}"
EndProject
Project("{9A19103F-16F7-4668-BE54-9A1E7A4F7556}") = "_Dapper", "_Dapper\_Dapper.csproj", "{FA89294B-A3D8-4CA8-A676-31418D2C0F57}"
EndProject
Project("{2150E333-8FDC-42A3-9474-1A3956D46DE8}") = "Practise", "Practise", "{2EB1B5C7-3C3E-49F4-A4EE-346C0BACEDBB}"
EndProject
Project("{9A19103F-16F7-4668-BE54-9A1E7A4F7556}") = "Task-1", "Thread-1\Task-1.csproj", "{6220C3E6-E439-48BF-ADA8-1A6B9787818B}"
EndProject
Project("{2150E333-8FDC-42A3-9474-1A3956D46DE8}") = "ORM", "ORM", "{CF28383E-1940-45CF-A50A-A62A47F25C94}"
EndProject
Project("{9A19103F-16F7-4668-BE54-9A1E7A4F7556}") = "CS_EF_DbFirst", "CS_EF_DbFirst\CS_EF_DbFirst.csproj", "{F8AFD49D-9D65-456B-A4D8-3045FF48AE26}"
EndProject
Project("{9A19103F-16F7-4668-BE54-9A1E7A4F7556}") = "ListOperationTask", "ListOperationTask\ListOperationTask.csproj", "{8641B3A4-B20C-484E-AAF8-E4150E11A94C}"
EndProject
Project("{9A19103F-16F7-4668-BE54-9A1E7A4F7556}") = "AsyncAwait", "AsyncAwait\AsyncAwait.csproj", "{997015DB-A9B5-41CA-A711-71C887FDBA7B}"
EndProject
Project("{9A19103F-16F7-4668-BE54-9A1E7A4F7556}") = "Multitasking", "Multitasking\Multitasking.csproj", "{515CCED9-4C3E-4B73-A6AB-19C997F8DAA7}"
EndProject
Project("{2150E333-8FDC-42A3-9474-1A3956D46DE8}") = "EF", "EF", "{A138B26F-5FA0-49A0-9F82-438F5E086863}"
EndProject
Project("{9A19103F-16F7-4668-BE54-9A1E7A4F7556}") = "EF_Code", "EF_Code\EF_Code.csproj", "{3616B043-4ED1-4D9C-B19B-7F2785D01288}"
EndProject
Project("{2150E333-8FDC-42A3-9474-1A3956D46DE8}") = "EF_Code", "EF_Code", "{13A4D25B-D639-4DD7-9075-367BCFA0F9CD}"
EndProject
Project("{9A19103F-16F7-4668-BE54-9A1E7A4F7556}") = "CS_EF_FirstCode", "CS_EF_FirstCode\CS_EF_FirstCode.csproj", "{7BB8B64A-5B6F-4ACE-A7FA-1B34201FC411}"
EndProject
Project("{9A19103F-16F7-4668-BE54-9A1E7A4F7556}") = "ConcurrentBag", "ConcurrentBag\ConcurrentBag.csproj", "{8049E718-49D0-4884-9605-15B73EC02F01}"
EndProject
Project("{9A19103F-16F7-4668-BE54-9A1E7A4F7556}") = "Shadowing", "Shadowing\Shadowing.csproj", "{0766B1A1-A838-428B-8ACC-53C8E9EF4E08}"
EndProject
Project("{9A19103F-16F7-4668-BE54-9A1E7A4F7556}") = "Linq-p", "Linq-p\Linq-p.csproj", "{0C9E3FC4-4E17-40B2-96F7-B3DD92079D41}"
EndProject
Project("{9A19103F-16F7-4668-BE54-9A1E7A4F7556}") = "Thread-1-practice", "Thread-1-practice\Thread-1-practice.csproj", "{C77CEEFF-1867-4B26-82D4-9792A33CC1A1}"
EndProject
Project("{9A19103F-16F7-4668-BE54-9A1E7A4F7556}") = "datatype", "datatype\datatype.csproj", "{B57EF5CB-548A-4742-8D7A-588F7739AA56}"
EndProject
Project("{9A19103F-16F7-4668-BE54-9A1E7A4F7556}") = "overriding", "overriding\overriding.csproj", "{5C0AAEB0-D9B5-40EC-BA01-B54F602B406D}"
EndProject
Project("{2150E333-8FDC-42A3-9474-1A3956D46DE8}") = "EF-Northwind", "EF-Northwind", "{ECF3EF3E-7815-42B2-846E-955BA897E809}"
EndProject
Project("{9A19103F-16F7-4668-BE54-9A1E7A4F7556}") = "EF_NorthWind", "EF_NorthWind\EF_NorthWind.csproj", "{3EAE0B96-5A8A-42D2-B4A6-A2C44D8C5853}"
EndProject
Project("{9A19103F-16F7-4668-BE54-9A1E7A4F7556}") = "passbyref", "passbyref\passbyref.csproj", "{08146EBA-0780-4079-9922-38061E1BC5B7}"
EndProject
Project("{2150E333-8FDC-42A3-9474-1A3956D46DE8}") = "API", "API", "{7C81006A-41FE-4EF0-96CD-B818811F18BA}"
EndProject
Project("{9A19103F-16F7-4668-BE54-9A1E7A4F7556}") = "APIApps", "APIApps\APIApps.csproj", "{D7CB2978-A36E-4AED-BEBD-E25EB1D63537}"
EndProject
Project("{2150E333-8FDC-42A3-9474-1A3956D46DE8}") = "WebAPI", "WebAPI", "{E84BCC99-3B0E-420C-9D3F-A13CD6AFEBD5}"
EndProject
Project("{9A19103F-16F7-4668-BE54-9A1E7A4F7556}") = "APIApp", "APIApp\APIApp.csproj", "{00FFBC56-1A27-4728-8778-1432F7FACCCE}"
EndProject
Project("{2150E333-8FDC-42A3-9474-1A3956D46DE8}") = "APIConsumer", "APIConsumer", "{E898937E-31E6-4CB4-96C5-99FF540178E9}"
EndProject
Project("{9A19103F-16F7-4668-BE54-9A1E7A4F7556}") = "API_Consumer", "API_Consumer\API_Consumer.csproj", "{9B0B1465-AEA6-4623-8D32-270283F235F9}"
EndProject
Project("{2150E333-8FDC-42A3-9474-1A3956D46DE8}") = "API_", "API_", "{1EC885F7-ACCA-4BDB-BA2E-226687E9577B}"
EndProject
Project("{9A19103F-16F7-4668-BE54-9A1E7A4F7556}") = "API_", "API_\API_.csproj", "{D7C9A8FC-E78E-4275-B0F1-72336A49586F}"
EndProject
Project("{2150E333-8FDC-42A3-9474-1A3956D46DE8}") = "API_Consumer", "API_Consumer", "{B03018D2-D5BE-45E8-A62C-445D652C355A}"
EndProject
Project("{9A19103F-16F7-4668-BE54-9A1E7A4F7556}") = "API_Consumer_Northwind", "API_Consumer_Northwind\API_Consumer_Northwind.csproj", "{2AFE5052-3A9F-404A-8CEA-79CA9E1E04A8}"
EndProject
Project("{2150E333-8FDC-42A3-9474-1A3956D46DE8}") = "MVCApps", "MVCApps", "{713C3389-6944-403C-BF45-AE705A8F62DB}"
EndProject
Project("{9A19103F-16F7-4668-BE54-9A1E7A4F7556}") = "MVC_Apps", "MVC_Apps\MVC_Apps.csproj", "{44158773-D4DE-47AF-9ED5-2D51DC1166DA}"
EndProject
Project("{9A19103F-16F7-4668-BE54-9A1E7A4F7556}") = "Coditas.Ecom.DataAccess", "Coditas.Ecom.DataAccess\Coditas.Ecom.DataAccess.csproj", "{BC6D5904-397C-4D69-8FB0-EB5C2E9DFCC0}"
EndProject
Project("{9A19103F-16F7-4668-BE54-9A1E7A4F7556}") = "Coditas.Ecom.Entities", "Coditas.Ecom.Entities\Coditas.Ecom.Entities.csproj", "{FD7A76F2-EDE5-4990-9770-E51670FCD36D}"
EndProject
Project("{9A19103F-16F7-4668-BE54-9A1E7A4F7556}") = "Coditas.Ecom.Repositories", "Coditas.Ecom.Repositories\Coditas.Ecom.Repositories.csproj", "{AE21973B-08B3-42F1-B999-2B670292ADC6}"
EndProject
Project("{2150E333-8FDC-42A3-9474-1A3956D46DE8}") = "Consumer_MVC", "Consumer_MVC", "{BBE51A62-7809-4262-902C-F4B1542C6B4C}"
EndProject
Project("{9A19103F-16F7-4668-BE54-9A1E7A4F7556}") = "Consumer_MVC", "Consumer_MVC\Consumer_MVC.csproj", "{3877EF86-0670-43D0-92D3-52D8434A63F5}"
EndProject
Global
	GlobalSection(SolutionConfigurationPlatforms) = preSolution
		Debug|Any CPU = Debug|Any CPU
		Release|Any CPU = Release|Any CPU
	EndGlobalSection
	GlobalSection(ProjectConfigurationPlatforms) = postSolution
		{BBD7FBC0-E831-4FFD-AFAC-DE2FF29E22A9}.Debug|Any CPU.ActiveCfg = Debug|Any CPU
		{BBD7FBC0-E831-4FFD-AFAC-DE2FF29E22A9}.Debug|Any CPU.Build.0 = Debug|Any CPU
		{BBD7FBC0-E831-4FFD-AFAC-DE2FF29E22A9}.Release|Any CPU.ActiveCfg = Release|Any CPU
		{BBD7FBC0-E831-4FFD-AFAC-DE2FF29E22A9}.Release|Any CPU.Build.0 = Release|Any CPU
		{7E73521C-0DC1-45A8-A0FB-EACA5F9DED33}.Debug|Any CPU.ActiveCfg = Debug|Any CPU
		{7E73521C-0DC1-45A8-A0FB-EACA5F9DED33}.Debug|Any CPU.Build.0 = Debug|Any CPU
		{7E73521C-0DC1-45A8-A0FB-EACA5F9DED33}.Release|Any CPU.ActiveCfg = Release|Any CPU
		{7E73521C-0DC1-45A8-A0FB-EACA5F9DED33}.Release|Any CPU.Build.0 = Release|Any CPU
		{BBA5D881-89E1-4F71-95FE-E49D23B6933A}.Debug|Any CPU.ActiveCfg = Debug|Any CPU
		{BBA5D881-89E1-4F71-95FE-E49D23B6933A}.Debug|Any CPU.Build.0 = Debug|Any CPU
		{BBA5D881-89E1-4F71-95FE-E49D23B6933A}.Release|Any CPU.ActiveCfg = Release|Any CPU
		{BBA5D881-89E1-4F71-95FE-E49D23B6933A}.Release|Any CPU.Build.0 = Release|Any CPU
		{75A58FFA-679A-4971-8070-2D1955446E57}.Debug|Any CPU.ActiveCfg = Debug|Any CPU
		{75A58FFA-679A-4971-8070-2D1955446E57}.Debug|Any CPU.Build.0 = Debug|Any CPU
		{75A58FFA-679A-4971-8070-2D1955446E57}.Release|Any CPU.ActiveCfg = Release|Any CPU
		{75A58FFA-679A-4971-8070-2D1955446E57}.Release|Any CPU.Build.0 = Release|Any CPU
		{B25F45A2-0FBA-4D36-85AA-AE9BEBF24927}.Debug|Any CPU.ActiveCfg = Debug|Any CPU
		{B25F45A2-0FBA-4D36-85AA-AE9BEBF24927}.Debug|Any CPU.Build.0 = Debug|Any CPU
		{B25F45A2-0FBA-4D36-85AA-AE9BEBF24927}.Release|Any CPU.ActiveCfg = Release|Any CPU
		{B25F45A2-0FBA-4D36-85AA-AE9BEBF24927}.Release|Any CPU.Build.0 = Release|Any CPU
		{03AF61A2-53F8-45A0-8A2E-1E1B65F93134}.Debug|Any CPU.ActiveCfg = Debug|Any CPU
		{03AF61A2-53F8-45A0-8A2E-1E1B65F93134}.Debug|Any CPU.Build.0 = Debug|Any CPU
		{03AF61A2-53F8-45A0-8A2E-1E1B65F93134}.Release|Any CPU.ActiveCfg = Release|Any CPU
		{03AF61A2-53F8-45A0-8A2E-1E1B65F93134}.Release|Any CPU.Build.0 = Release|Any CPU
		{78F9440E-2E10-4131-B6DD-67E52F486B52}.Debug|Any CPU.ActiveCfg = Debug|Any CPU
		{78F9440E-2E10-4131-B6DD-67E52F486B52}.Debug|Any CPU.Build.0 = Debug|Any CPU
		{78F9440E-2E10-4131-B6DD-67E52F486B52}.Release|Any CPU.ActiveCfg = Release|Any CPU
		{78F9440E-2E10-4131-B6DD-67E52F486B52}.Release|Any CPU.Build.0 = Release|Any CPU
		{AFA9AE58-DFF2-47FA-9166-97F8BC0FE1E6}.Debug|Any CPU.ActiveCfg = Debug|Any CPU
		{AFA9AE58-DFF2-47FA-9166-97F8BC0FE1E6}.Debug|Any CPU.Build.0 = Debug|Any CPU
		{AFA9AE58-DFF2-47FA-9166-97F8BC0FE1E6}.Release|Any CPU.ActiveCfg = Release|Any CPU
		{AFA9AE58-DFF2-47FA-9166-97F8BC0FE1E6}.Release|Any CPU.Build.0 = Release|Any CPU
		{BCFF851C-47BD-4BB5-A720-A9EAC548FDEB}.Debug|Any CPU.ActiveCfg = Debug|Any CPU
		{BCFF851C-47BD-4BB5-A720-A9EAC548FDEB}.Debug|Any CPU.Build.0 = Debug|Any CPU
		{BCFF851C-47BD-4BB5-A720-A9EAC548FDEB}.Release|Any CPU.ActiveCfg = Release|Any CPU
		{BCFF851C-47BD-4BB5-A720-A9EAC548FDEB}.Release|Any CPU.Build.0 = Release|Any CPU
		{89A0D639-CE2A-49A1-A1EC-4E6BF098B21F}.Debug|Any CPU.ActiveCfg = Debug|Any CPU
		{89A0D639-CE2A-49A1-A1EC-4E6BF098B21F}.Debug|Any CPU.Build.0 = Debug|Any CPU
		{89A0D639-CE2A-49A1-A1EC-4E6BF098B21F}.Release|Any CPU.ActiveCfg = Release|Any CPU
		{89A0D639-CE2A-49A1-A1EC-4E6BF098B21F}.Release|Any CPU.Build.0 = Release|Any CPU
		{DE9D433D-B3BA-4BA8-9548-8AAEB4DF58AC}.Debug|Any CPU.ActiveCfg = Debug|Any CPU
		{DE9D433D-B3BA-4BA8-9548-8AAEB4DF58AC}.Debug|Any CPU.Build.0 = Debug|Any CPU
		{DE9D433D-B3BA-4BA8-9548-8AAEB4DF58AC}.Release|Any CPU.ActiveCfg = Release|Any CPU
		{DE9D433D-B3BA-4BA8-9548-8AAEB4DF58AC}.Release|Any CPU.Build.0 = Release|Any CPU
		{190B146D-1A94-4127-A487-B913DD97F774}.Debug|Any CPU.ActiveCfg = Debug|Any CPU
		{190B146D-1A94-4127-A487-B913DD97F774}.Debug|Any CPU.Build.0 = Debug|Any CPU
		{190B146D-1A94-4127-A487-B913DD97F774}.Release|Any CPU.ActiveCfg = Release|Any CPU
		{190B146D-1A94-4127-A487-B913DD97F774}.Release|Any CPU.Build.0 = Release|Any CPU
		{3DC12C46-39BE-4D47-BB7E-46E64A9CC611}.Debug|Any CPU.ActiveCfg = Debug|Any CPU
		{3DC12C46-39BE-4D47-BB7E-46E64A9CC611}.Debug|Any CPU.Build.0 = Debug|Any CPU
		{3DC12C46-39BE-4D47-BB7E-46E64A9CC611}.Release|Any CPU.ActiveCfg = Release|Any CPU
		{3DC12C46-39BE-4D47-BB7E-46E64A9CC611}.Release|Any CPU.Build.0 = Release|Any CPU
		{E82DC8FC-232D-4CDE-A085-2FD06F6AA928}.Debug|Any CPU.ActiveCfg = Debug|Any CPU
		{E82DC8FC-232D-4CDE-A085-2FD06F6AA928}.Debug|Any CPU.Build.0 = Debug|Any CPU
		{E82DC8FC-232D-4CDE-A085-2FD06F6AA928}.Release|Any CPU.ActiveCfg = Release|Any CPU
		{E82DC8FC-232D-4CDE-A085-2FD06F6AA928}.Release|Any CPU.Build.0 = Release|Any CPU
		{A5DD932F-4803-4549-B78A-E5700ABF688E}.Debug|Any CPU.ActiveCfg = Debug|Any CPU
		{A5DD932F-4803-4549-B78A-E5700ABF688E}.Debug|Any CPU.Build.0 = Debug|Any CPU
		{A5DD932F-4803-4549-B78A-E5700ABF688E}.Release|Any CPU.ActiveCfg = Release|Any CPU
		{A5DD932F-4803-4549-B78A-E5700ABF688E}.Release|Any CPU.Build.0 = Release|Any CPU
		{C22D6340-A711-4388-9FC1-0CC92435DD4A}.Debug|Any CPU.ActiveCfg = Debug|Any CPU
		{C22D6340-A711-4388-9FC1-0CC92435DD4A}.Debug|Any CPU.Build.0 = Debug|Any CPU
		{C22D6340-A711-4388-9FC1-0CC92435DD4A}.Release|Any CPU.ActiveCfg = Release|Any CPU
		{C22D6340-A711-4388-9FC1-0CC92435DD4A}.Release|Any CPU.Build.0 = Release|Any CPU
		{89C6C93F-E3F0-4686-9A05-7D3673ABBCF2}.Debug|Any CPU.ActiveCfg = Debug|Any CPU
		{89C6C93F-E3F0-4686-9A05-7D3673ABBCF2}.Debug|Any CPU.Build.0 = Debug|Any CPU
		{89C6C93F-E3F0-4686-9A05-7D3673ABBCF2}.Release|Any CPU.ActiveCfg = Release|Any CPU
		{89C6C93F-E3F0-4686-9A05-7D3673ABBCF2}.Release|Any CPU.Build.0 = Release|Any CPU
		{3F52708D-B7D6-4B3C-9815-3BAE2583AC63}.Debug|Any CPU.ActiveCfg = Debug|Any CPU
		{3F52708D-B7D6-4B3C-9815-3BAE2583AC63}.Debug|Any CPU.Build.0 = Debug|Any CPU
		{3F52708D-B7D6-4B3C-9815-3BAE2583AC63}.Release|Any CPU.ActiveCfg = Release|Any CPU
		{3F52708D-B7D6-4B3C-9815-3BAE2583AC63}.Release|Any CPU.Build.0 = Release|Any CPU
		{548D0FA7-4BD8-481A-8D45-2D88A39DD9E4}.Debug|Any CPU.ActiveCfg = Debug|Any CPU
		{548D0FA7-4BD8-481A-8D45-2D88A39DD9E4}.Debug|Any CPU.Build.0 = Debug|Any CPU
		{548D0FA7-4BD8-481A-8D45-2D88A39DD9E4}.Release|Any CPU.ActiveCfg = Release|Any CPU
		{548D0FA7-4BD8-481A-8D45-2D88A39DD9E4}.Release|Any CPU.Build.0 = Release|Any CPU
		{99F62FE1-EFEB-4CA7-8749-7921CF32B085}.Debug|Any CPU.ActiveCfg = Debug|Any CPU
		{99F62FE1-EFEB-4CA7-8749-7921CF32B085}.Debug|Any CPU.Build.0 = Debug|Any CPU
		{99F62FE1-EFEB-4CA7-8749-7921CF32B085}.Release|Any CPU.ActiveCfg = Release|Any CPU
		{99F62FE1-EFEB-4CA7-8749-7921CF32B085}.Release|Any CPU.Build.0 = Release|Any CPU
		{0D03476A-14F4-4544-A4F8-110931F0E4B5}.Debug|Any CPU.ActiveCfg = Debug|Any CPU
		{0D03476A-14F4-4544-A4F8-110931F0E4B5}.Debug|Any CPU.Build.0 = Debug|Any CPU
		{0D03476A-14F4-4544-A4F8-110931F0E4B5}.Release|Any CPU.ActiveCfg = Release|Any CPU
		{0D03476A-14F4-4544-A4F8-110931F0E4B5}.Release|Any CPU.Build.0 = Release|Any CPU
		{CF144976-568C-458B-9D38-AB2BC7C48853}.Debug|Any CPU.ActiveCfg = Debug|Any CPU
		{CF144976-568C-458B-9D38-AB2BC7C48853}.Debug|Any CPU.Build.0 = Debug|Any CPU
		{CF144976-568C-458B-9D38-AB2BC7C48853}.Release|Any CPU.ActiveCfg = Release|Any CPU
		{CF144976-568C-458B-9D38-AB2BC7C48853}.Release|Any CPU.Build.0 = Release|Any CPU
		{CBBAE2A4-CCAC-4727-B88A-9E60F6A9840B}.Debug|Any CPU.ActiveCfg = Debug|Any CPU
		{CBBAE2A4-CCAC-4727-B88A-9E60F6A9840B}.Debug|Any CPU.Build.0 = Debug|Any CPU
		{CBBAE2A4-CCAC-4727-B88A-9E60F6A9840B}.Release|Any CPU.ActiveCfg = Release|Any CPU
		{CBBAE2A4-CCAC-4727-B88A-9E60F6A9840B}.Release|Any CPU.Build.0 = Release|Any CPU
		{0448D12E-B591-4609-9E52-BF5D3FB54D4B}.Debug|Any CPU.ActiveCfg = Debug|Any CPU
		{0448D12E-B591-4609-9E52-BF5D3FB54D4B}.Debug|Any CPU.Build.0 = Debug|Any CPU
		{0448D12E-B591-4609-9E52-BF5D3FB54D4B}.Release|Any CPU.ActiveCfg = Release|Any CPU
		{0448D12E-B591-4609-9E52-BF5D3FB54D4B}.Release|Any CPU.Build.0 = Release|Any CPU
		{E57608B1-D883-4655-AEE4-12E82178A0D6}.Debug|Any CPU.ActiveCfg = Debug|Any CPU
		{E57608B1-D883-4655-AEE4-12E82178A0D6}.Debug|Any CPU.Build.0 = Debug|Any CPU
		{E57608B1-D883-4655-AEE4-12E82178A0D6}.Release|Any CPU.ActiveCfg = Release|Any CPU
		{E57608B1-D883-4655-AEE4-12E82178A0D6}.Release|Any CPU.Build.0 = Release|Any CPU
		{E907F739-121E-4027-A754-CC522C51E876}.Debug|Any CPU.ActiveCfg = Debug|Any CPU
		{E907F739-121E-4027-A754-CC522C51E876}.Debug|Any CPU.Build.0 = Debug|Any CPU
		{E907F739-121E-4027-A754-CC522C51E876}.Release|Any CPU.ActiveCfg = Release|Any CPU
		{E907F739-121E-4027-A754-CC522C51E876}.Release|Any CPU.Build.0 = Release|Any CPU
		{7A44D9BC-EAE0-4F2C-8654-C88BAE4E4502}.Debug|Any CPU.ActiveCfg = Debug|Any CPU
		{7A44D9BC-EAE0-4F2C-8654-C88BAE4E4502}.Debug|Any CPU.Build.0 = Debug|Any CPU
		{7A44D9BC-EAE0-4F2C-8654-C88BAE4E4502}.Release|Any CPU.ActiveCfg = Release|Any CPU
		{7A44D9BC-EAE0-4F2C-8654-C88BAE4E4502}.Release|Any CPU.Build.0 = Release|Any CPU
		{212261C7-B692-4A8E-8528-B49394C4F8B2}.Debug|Any CPU.ActiveCfg = Debug|Any CPU
		{212261C7-B692-4A8E-8528-B49394C4F8B2}.Debug|Any CPU.Build.0 = Debug|Any CPU
		{212261C7-B692-4A8E-8528-B49394C4F8B2}.Release|Any CPU.ActiveCfg = Release|Any CPU
		{212261C7-B692-4A8E-8528-B49394C4F8B2}.Release|Any CPU.Build.0 = Release|Any CPU
		{1A46C30A-E079-4674-8D00-CB074CB9D8B8}.Debug|Any CPU.ActiveCfg = Debug|Any CPU
		{1A46C30A-E079-4674-8D00-CB074CB9D8B8}.Debug|Any CPU.Build.0 = Debug|Any CPU
		{1A46C30A-E079-4674-8D00-CB074CB9D8B8}.Release|Any CPU.ActiveCfg = Release|Any CPU
		{1A46C30A-E079-4674-8D00-CB074CB9D8B8}.Release|Any CPU.Build.0 = Release|Any CPU
		{49DCFB50-C105-4A4A-B1DB-15AEB5A56DE5}.Debug|Any CPU.ActiveCfg = Debug|Any CPU
		{49DCFB50-C105-4A4A-B1DB-15AEB5A56DE5}.Debug|Any CPU.Build.0 = Debug|Any CPU
		{49DCFB50-C105-4A4A-B1DB-15AEB5A56DE5}.Release|Any CPU.ActiveCfg = Release|Any CPU
		{49DCFB50-C105-4A4A-B1DB-15AEB5A56DE5}.Release|Any CPU.Build.0 = Release|Any CPU
		{3105C7AC-70EC-4EA9-8096-7EDB96D7A76D}.Debug|Any CPU.ActiveCfg = Debug|Any CPU
		{3105C7AC-70EC-4EA9-8096-7EDB96D7A76D}.Debug|Any CPU.Build.0 = Debug|Any CPU
		{3105C7AC-70EC-4EA9-8096-7EDB96D7A76D}.Release|Any CPU.ActiveCfg = Release|Any CPU
		{3105C7AC-70EC-4EA9-8096-7EDB96D7A76D}.Release|Any CPU.Build.0 = Release|Any CPU
		{14818CFA-0F0A-4FE7-8E56-3EFB20006338}.Debug|Any CPU.ActiveCfg = Debug|Any CPU
		{14818CFA-0F0A-4FE7-8E56-3EFB20006338}.Debug|Any CPU.Build.0 = Debug|Any CPU
		{14818CFA-0F0A-4FE7-8E56-3EFB20006338}.Release|Any CPU.ActiveCfg = Release|Any CPU
		{14818CFA-0F0A-4FE7-8E56-3EFB20006338}.Release|Any CPU.Build.0 = Release|Any CPU
		{0E51E69A-E6E2-428E-9122-D28CF1F42024}.Debug|Any CPU.ActiveCfg = Debug|Any CPU
		{0E51E69A-E6E2-428E-9122-D28CF1F42024}.Debug|Any CPU.Build.0 = Debug|Any CPU
		{0E51E69A-E6E2-428E-9122-D28CF1F42024}.Release|Any CPU.ActiveCfg = Release|Any CPU
		{0E51E69A-E6E2-428E-9122-D28CF1F42024}.Release|Any CPU.Build.0 = Release|Any CPU
		{5D64F47C-67EC-4AEB-AC2B-70336B43A5DB}.Debug|Any CPU.ActiveCfg = Debug|Any CPU
		{5D64F47C-67EC-4AEB-AC2B-70336B43A5DB}.Debug|Any CPU.Build.0 = Debug|Any CPU
		{5D64F47C-67EC-4AEB-AC2B-70336B43A5DB}.Release|Any CPU.ActiveCfg = Release|Any CPU
		{5D64F47C-67EC-4AEB-AC2B-70336B43A5DB}.Release|Any CPU.Build.0 = Release|Any CPU
		{7C782C30-4572-4E3D-99E4-FDBC71FCE04B}.Debug|Any CPU.ActiveCfg = Debug|Any CPU
		{7C782C30-4572-4E3D-99E4-FDBC71FCE04B}.Debug|Any CPU.Build.0 = Debug|Any CPU
		{7C782C30-4572-4E3D-99E4-FDBC71FCE04B}.Release|Any CPU.ActiveCfg = Release|Any CPU
		{7C782C30-4572-4E3D-99E4-FDBC71FCE04B}.Release|Any CPU.Build.0 = Release|Any CPU
		{835B7705-B71C-4C51-8CA9-71C8E0F0B73F}.Debug|Any CPU.ActiveCfg = Debug|Any CPU
		{835B7705-B71C-4C51-8CA9-71C8E0F0B73F}.Debug|Any CPU.Build.0 = Debug|Any CPU
		{835B7705-B71C-4C51-8CA9-71C8E0F0B73F}.Release|Any CPU.ActiveCfg = Release|Any CPU
		{835B7705-B71C-4C51-8CA9-71C8E0F0B73F}.Release|Any CPU.Build.0 = Release|Any CPU
		{73033C2F-68BB-40C9-89FD-62B3C3F10898}.Debug|Any CPU.ActiveCfg = Debug|Any CPU
		{73033C2F-68BB-40C9-89FD-62B3C3F10898}.Debug|Any CPU.Build.0 = Debug|Any CPU
		{73033C2F-68BB-40C9-89FD-62B3C3F10898}.Release|Any CPU.ActiveCfg = Release|Any CPU
		{73033C2F-68BB-40C9-89FD-62B3C3F10898}.Release|Any CPU.Build.0 = Release|Any CPU
		{1BAA7F87-B63A-4727-88A7-6D1715C7AE14}.Debug|Any CPU.ActiveCfg = Debug|Any CPU
		{1BAA7F87-B63A-4727-88A7-6D1715C7AE14}.Debug|Any CPU.Build.0 = Debug|Any CPU
		{1BAA7F87-B63A-4727-88A7-6D1715C7AE14}.Release|Any CPU.ActiveCfg = Release|Any CPU
		{1BAA7F87-B63A-4727-88A7-6D1715C7AE14}.Release|Any CPU.Build.0 = Release|Any CPU
		{AF98EEED-643D-420A-8DBD-DE993F60DA8B}.Debug|Any CPU.ActiveCfg = Debug|Any CPU
		{AF98EEED-643D-420A-8DBD-DE993F60DA8B}.Debug|Any CPU.Build.0 = Debug|Any CPU
		{AF98EEED-643D-420A-8DBD-DE993F60DA8B}.Release|Any CPU.ActiveCfg = Release|Any CPU
		{AF98EEED-643D-420A-8DBD-DE993F60DA8B}.Release|Any CPU.Build.0 = Release|Any CPU
		{75723CCA-25EF-4529-B747-C93335699265}.Debug|Any CPU.ActiveCfg = Debug|Any CPU
		{75723CCA-25EF-4529-B747-C93335699265}.Debug|Any CPU.Build.0 = Debug|Any CPU
		{75723CCA-25EF-4529-B747-C93335699265}.Release|Any CPU.ActiveCfg = Release|Any CPU
		{75723CCA-25EF-4529-B747-C93335699265}.Release|Any CPU.Build.0 = Release|Any CPU
		{21AA395F-A308-4C7A-BB5A-7B75BD61F435}.Debug|Any CPU.ActiveCfg = Debug|Any CPU
		{21AA395F-A308-4C7A-BB5A-7B75BD61F435}.Debug|Any CPU.Build.0 = Debug|Any CPU
		{21AA395F-A308-4C7A-BB5A-7B75BD61F435}.Release|Any CPU.ActiveCfg = Release|Any CPU
		{21AA395F-A308-4C7A-BB5A-7B75BD61F435}.Release|Any CPU.Build.0 = Release|Any CPU
		{BCB1F36D-ECE0-47B3-BA82-6A3A8FFDE049}.Debug|Any CPU.ActiveCfg = Debug|Any CPU
		{BCB1F36D-ECE0-47B3-BA82-6A3A8FFDE049}.Debug|Any CPU.Build.0 = Debug|Any CPU
		{BCB1F36D-ECE0-47B3-BA82-6A3A8FFDE049}.Release|Any CPU.ActiveCfg = Release|Any CPU
		{BCB1F36D-ECE0-47B3-BA82-6A3A8FFDE049}.Release|Any CPU.Build.0 = Release|Any CPU
		{4C06EA74-9F55-4A16-B0D2-BDA7F5968529}.Debug|Any CPU.ActiveCfg = Debug|Any CPU
		{4C06EA74-9F55-4A16-B0D2-BDA7F5968529}.Debug|Any CPU.Build.0 = Debug|Any CPU
		{4C06EA74-9F55-4A16-B0D2-BDA7F5968529}.Release|Any CPU.ActiveCfg = Release|Any CPU
		{4C06EA74-9F55-4A16-B0D2-BDA7F5968529}.Release|Any CPU.Build.0 = Release|Any CPU
		{2B9F4D27-40D2-44F5-A86D-78C5F943AE86}.Debug|Any CPU.ActiveCfg = Debug|Any CPU
		{2B9F4D27-40D2-44F5-A86D-78C5F943AE86}.Debug|Any CPU.Build.0 = Debug|Any CPU
		{2B9F4D27-40D2-44F5-A86D-78C5F943AE86}.Release|Any CPU.ActiveCfg = Release|Any CPU
		{2B9F4D27-40D2-44F5-A86D-78C5F943AE86}.Release|Any CPU.Build.0 = Release|Any CPU
		{D8ABF0A9-0F06-41C3-8C86-725AD18665D4}.Debug|Any CPU.ActiveCfg = Debug|Any CPU
		{D8ABF0A9-0F06-41C3-8C86-725AD18665D4}.Debug|Any CPU.Build.0 = Debug|Any CPU
		{D8ABF0A9-0F06-41C3-8C86-725AD18665D4}.Release|Any CPU.ActiveCfg = Release|Any CPU
		{D8ABF0A9-0F06-41C3-8C86-725AD18665D4}.Release|Any CPU.Build.0 = Release|Any CPU
		{C3B118FF-4C9C-4995-AA9D-10E9F77E331F}.Debug|Any CPU.ActiveCfg = Debug|Any CPU
		{C3B118FF-4C9C-4995-AA9D-10E9F77E331F}.Debug|Any CPU.Build.0 = Debug|Any CPU
		{C3B118FF-4C9C-4995-AA9D-10E9F77E331F}.Release|Any CPU.ActiveCfg = Release|Any CPU
		{C3B118FF-4C9C-4995-AA9D-10E9F77E331F}.Release|Any CPU.Build.0 = Release|Any CPU
		{1B0B2AA3-5E1A-4E81-96D9-FACBC7CB51A1}.Debug|Any CPU.ActiveCfg = Debug|Any CPU
		{1B0B2AA3-5E1A-4E81-96D9-FACBC7CB51A1}.Debug|Any CPU.Build.0 = Debug|Any CPU
		{1B0B2AA3-5E1A-4E81-96D9-FACBC7CB51A1}.Release|Any CPU.ActiveCfg = Release|Any CPU
		{1B0B2AA3-5E1A-4E81-96D9-FACBC7CB51A1}.Release|Any CPU.Build.0 = Release|Any CPU
		{FE0CB079-9FD9-422F-B8EA-F2BA4491558D}.Debug|Any CPU.ActiveCfg = Debug|Any CPU
		{FE0CB079-9FD9-422F-B8EA-F2BA4491558D}.Debug|Any CPU.Build.0 = Debug|Any CPU
		{FE0CB079-9FD9-422F-B8EA-F2BA4491558D}.Release|Any CPU.ActiveCfg = Release|Any CPU
		{FE0CB079-9FD9-422F-B8EA-F2BA4491558D}.Release|Any CPU.Build.0 = Release|Any CPU
		{FA89294B-A3D8-4CA8-A676-31418D2C0F57}.Debug|Any CPU.ActiveCfg = Debug|Any CPU
		{FA89294B-A3D8-4CA8-A676-31418D2C0F57}.Debug|Any CPU.Build.0 = Debug|Any CPU
		{FA89294B-A3D8-4CA8-A676-31418D2C0F57}.Release|Any CPU.ActiveCfg = Release|Any CPU
		{FA89294B-A3D8-4CA8-A676-31418D2C0F57}.Release|Any CPU.Build.0 = Release|Any CPU
		{6220C3E6-E439-48BF-ADA8-1A6B9787818B}.Debug|Any CPU.ActiveCfg = Debug|Any CPU
		{6220C3E6-E439-48BF-ADA8-1A6B9787818B}.Debug|Any CPU.Build.0 = Debug|Any CPU
		{6220C3E6-E439-48BF-ADA8-1A6B9787818B}.Release|Any CPU.ActiveCfg = Release|Any CPU
		{6220C3E6-E439-48BF-ADA8-1A6B9787818B}.Release|Any CPU.Build.0 = Release|Any CPU
		{F8AFD49D-9D65-456B-A4D8-3045FF48AE26}.Debug|Any CPU.ActiveCfg = Debug|Any CPU
		{F8AFD49D-9D65-456B-A4D8-3045FF48AE26}.Debug|Any CPU.Build.0 = Debug|Any CPU
		{F8AFD49D-9D65-456B-A4D8-3045FF48AE26}.Release|Any CPU.ActiveCfg = Release|Any CPU
		{F8AFD49D-9D65-456B-A4D8-3045FF48AE26}.Release|Any CPU.Build.0 = Release|Any CPU
		{8641B3A4-B20C-484E-AAF8-E4150E11A94C}.Debug|Any CPU.ActiveCfg = Debug|Any CPU
		{8641B3A4-B20C-484E-AAF8-E4150E11A94C}.Debug|Any CPU.Build.0 = Debug|Any CPU
		{8641B3A4-B20C-484E-AAF8-E4150E11A94C}.Release|Any CPU.ActiveCfg = Release|Any CPU
		{8641B3A4-B20C-484E-AAF8-E4150E11A94C}.Release|Any CPU.Build.0 = Release|Any CPU
		{997015DB-A9B5-41CA-A711-71C887FDBA7B}.Debug|Any CPU.ActiveCfg = Debug|Any CPU
		{997015DB-A9B5-41CA-A711-71C887FDBA7B}.Debug|Any CPU.Build.0 = Debug|Any CPU
		{997015DB-A9B5-41CA-A711-71C887FDBA7B}.Release|Any CPU.ActiveCfg = Release|Any CPU
		{997015DB-A9B5-41CA-A711-71C887FDBA7B}.Release|Any CPU.Build.0 = Release|Any CPU
		{515CCED9-4C3E-4B73-A6AB-19C997F8DAA7}.Debug|Any CPU.ActiveCfg = Debug|Any CPU
		{515CCED9-4C3E-4B73-A6AB-19C997F8DAA7}.Debug|Any CPU.Build.0 = Debug|Any CPU
		{515CCED9-4C3E-4B73-A6AB-19C997F8DAA7}.Release|Any CPU.ActiveCfg = Release|Any CPU
		{515CCED9-4C3E-4B73-A6AB-19C997F8DAA7}.Release|Any CPU.Build.0 = Release|Any CPU
		{3616B043-4ED1-4D9C-B19B-7F2785D01288}.Debug|Any CPU.ActiveCfg = Debug|Any CPU
		{3616B043-4ED1-4D9C-B19B-7F2785D01288}.Debug|Any CPU.Build.0 = Debug|Any CPU
		{3616B043-4ED1-4D9C-B19B-7F2785D01288}.Release|Any CPU.ActiveCfg = Release|Any CPU
		{3616B043-4ED1-4D9C-B19B-7F2785D01288}.Release|Any CPU.Build.0 = Release|Any CPU
		{7BB8B64A-5B6F-4ACE-A7FA-1B34201FC411}.Debug|Any CPU.ActiveCfg = Debug|Any CPU
		{7BB8B64A-5B6F-4ACE-A7FA-1B34201FC411}.Debug|Any CPU.Build.0 = Debug|Any CPU
		{7BB8B64A-5B6F-4ACE-A7FA-1B34201FC411}.Release|Any CPU.ActiveCfg = Release|Any CPU
		{7BB8B64A-5B6F-4ACE-A7FA-1B34201FC411}.Release|Any CPU.Build.0 = Release|Any CPU
		{8049E718-49D0-4884-9605-15B73EC02F01}.Debug|Any CPU.ActiveCfg = Debug|Any CPU
		{8049E718-49D0-4884-9605-15B73EC02F01}.Debug|Any CPU.Build.0 = Debug|Any CPU
		{8049E718-49D0-4884-9605-15B73EC02F01}.Release|Any CPU.ActiveCfg = Release|Any CPU
		{8049E718-49D0-4884-9605-15B73EC02F01}.Release|Any CPU.Build.0 = Release|Any CPU
		{0766B1A1-A838-428B-8ACC-53C8E9EF4E08}.Debug|Any CPU.ActiveCfg = Debug|Any CPU
		{0766B1A1-A838-428B-8ACC-53C8E9EF4E08}.Debug|Any CPU.Build.0 = Debug|Any CPU
		{0766B1A1-A838-428B-8ACC-53C8E9EF4E08}.Release|Any CPU.ActiveCfg = Release|Any CPU
		{0766B1A1-A838-428B-8ACC-53C8E9EF4E08}.Release|Any CPU.Build.0 = Release|Any CPU
		{0C9E3FC4-4E17-40B2-96F7-B3DD92079D41}.Debug|Any CPU.ActiveCfg = Debug|Any CPU
		{0C9E3FC4-4E17-40B2-96F7-B3DD92079D41}.Debug|Any CPU.Build.0 = Debug|Any CPU
		{0C9E3FC4-4E17-40B2-96F7-B3DD92079D41}.Release|Any CPU.ActiveCfg = Release|Any CPU
		{0C9E3FC4-4E17-40B2-96F7-B3DD92079D41}.Release|Any CPU.Build.0 = Release|Any CPU
		{C77CEEFF-1867-4B26-82D4-9792A33CC1A1}.Debug|Any CPU.ActiveCfg = Debug|Any CPU
		{C77CEEFF-1867-4B26-82D4-9792A33CC1A1}.Debug|Any CPU.Build.0 = Debug|Any CPU
		{C77CEEFF-1867-4B26-82D4-9792A33CC1A1}.Release|Any CPU.ActiveCfg = Release|Any CPU
		{C77CEEFF-1867-4B26-82D4-9792A33CC1A1}.Release|Any CPU.Build.0 = Release|Any CPU
		{B57EF5CB-548A-4742-8D7A-588F7739AA56}.Debug|Any CPU.ActiveCfg = Debug|Any CPU
		{B57EF5CB-548A-4742-8D7A-588F7739AA56}.Debug|Any CPU.Build.0 = Debug|Any CPU
		{B57EF5CB-548A-4742-8D7A-588F7739AA56}.Release|Any CPU.ActiveCfg = Release|Any CPU
		{B57EF5CB-548A-4742-8D7A-588F7739AA56}.Release|Any CPU.Build.0 = Release|Any CPU
		{5C0AAEB0-D9B5-40EC-BA01-B54F602B406D}.Debug|Any CPU.ActiveCfg = Debug|Any CPU
		{5C0AAEB0-D9B5-40EC-BA01-B54F602B406D}.Debug|Any CPU.Build.0 = Debug|Any CPU
		{5C0AAEB0-D9B5-40EC-BA01-B54F602B406D}.Release|Any CPU.ActiveCfg = Release|Any CPU
		{5C0AAEB0-D9B5-40EC-BA01-B54F602B406D}.Release|Any CPU.Build.0 = Release|Any CPU
		{3EAE0B96-5A8A-42D2-B4A6-A2C44D8C5853}.Debug|Any CPU.ActiveCfg = Debug|Any CPU
		{3EAE0B96-5A8A-42D2-B4A6-A2C44D8C5853}.Debug|Any CPU.Build.0 = Debug|Any CPU
		{3EAE0B96-5A8A-42D2-B4A6-A2C44D8C5853}.Release|Any CPU.ActiveCfg = Release|Any CPU
		{3EAE0B96-5A8A-42D2-B4A6-A2C44D8C5853}.Release|Any CPU.Build.0 = Release|Any CPU
		{08146EBA-0780-4079-9922-38061E1BC5B7}.Debug|Any CPU.ActiveCfg = Debug|Any CPU
		{08146EBA-0780-4079-9922-38061E1BC5B7}.Debug|Any CPU.Build.0 = Debug|Any CPU
		{08146EBA-0780-4079-9922-38061E1BC5B7}.Release|Any CPU.ActiveCfg = Release|Any CPU
		{08146EBA-0780-4079-9922-38061E1BC5B7}.Release|Any CPU.Build.0 = Release|Any CPU
		{D7CB2978-A36E-4AED-BEBD-E25EB1D63537}.Debug|Any CPU.ActiveCfg = Debug|Any CPU
		{D7CB2978-A36E-4AED-BEBD-E25EB1D63537}.Debug|Any CPU.Build.0 = Debug|Any CPU
		{D7CB2978-A36E-4AED-BEBD-E25EB1D63537}.Release|Any CPU.ActiveCfg = Release|Any CPU
		{D7CB2978-A36E-4AED-BEBD-E25EB1D63537}.Release|Any CPU.Build.0 = Release|Any CPU
		{00FFBC56-1A27-4728-8778-1432F7FACCCE}.Debug|Any CPU.ActiveCfg = Debug|Any CPU
		{00FFBC56-1A27-4728-8778-1432F7FACCCE}.Debug|Any CPU.Build.0 = Debug|Any CPU
		{00FFBC56-1A27-4728-8778-1432F7FACCCE}.Release|Any CPU.ActiveCfg = Release|Any CPU
		{00FFBC56-1A27-4728-8778-1432F7FACCCE}.Release|Any CPU.Build.0 = Release|Any CPU
		{9B0B1465-AEA6-4623-8D32-270283F235F9}.Debug|Any CPU.ActiveCfg = Debug|Any CPU
		{9B0B1465-AEA6-4623-8D32-270283F235F9}.Debug|Any CPU.Build.0 = Debug|Any CPU
		{9B0B1465-AEA6-4623-8D32-270283F235F9}.Release|Any CPU.ActiveCfg = Release|Any CPU
		{9B0B1465-AEA6-4623-8D32-270283F235F9}.Release|Any CPU.Build.0 = Release|Any CPU
		{D7C9A8FC-E78E-4275-B0F1-72336A49586F}.Debug|Any CPU.ActiveCfg = Debug|Any CPU
		{D7C9A8FC-E78E-4275-B0F1-72336A49586F}.Debug|Any CPU.Build.0 = Debug|Any CPU
		{D7C9A8FC-E78E-4275-B0F1-72336A49586F}.Release|Any CPU.ActiveCfg = Release|Any CPU
		{D7C9A8FC-E78E-4275-B0F1-72336A49586F}.Release|Any CPU.Build.0 = Release|Any CPU
		{2AFE5052-3A9F-404A-8CEA-79CA9E1E04A8}.Debug|Any CPU.ActiveCfg = Debug|Any CPU
		{2AFE5052-3A9F-404A-8CEA-79CA9E1E04A8}.Debug|Any CPU.Build.0 = Debug|Any CPU
		{2AFE5052-3A9F-404A-8CEA-79CA9E1E04A8}.Release|Any CPU.ActiveCfg = Release|Any CPU
		{2AFE5052-3A9F-404A-8CEA-79CA9E1E04A8}.Release|Any CPU.Build.0 = Release|Any CPU
		{44158773-D4DE-47AF-9ED5-2D51DC1166DA}.Debug|Any CPU.ActiveCfg = Debug|Any CPU
		{44158773-D4DE-47AF-9ED5-2D51DC1166DA}.Debug|Any CPU.Build.0 = Debug|Any CPU
		{44158773-D4DE-47AF-9ED5-2D51DC1166DA}.Release|Any CPU.ActiveCfg = Release|Any CPU
		{44158773-D4DE-47AF-9ED5-2D51DC1166DA}.Release|Any CPU.Build.0 = Release|Any CPU
		{BC6D5904-397C-4D69-8FB0-EB5C2E9DFCC0}.Debug|Any CPU.ActiveCfg = Debug|Any CPU
		{BC6D5904-397C-4D69-8FB0-EB5C2E9DFCC0}.Debug|Any CPU.Build.0 = Debug|Any CPU
		{BC6D5904-397C-4D69-8FB0-EB5C2E9DFCC0}.Release|Any CPU.ActiveCfg = Release|Any CPU
		{BC6D5904-397C-4D69-8FB0-EB5C2E9DFCC0}.Release|Any CPU.Build.0 = Release|Any CPU
		{FD7A76F2-EDE5-4990-9770-E51670FCD36D}.Debug|Any CPU.ActiveCfg = Debug|Any CPU
		{FD7A76F2-EDE5-4990-9770-E51670FCD36D}.Debug|Any CPU.Build.0 = Debug|Any CPU
		{FD7A76F2-EDE5-4990-9770-E51670FCD36D}.Release|Any CPU.ActiveCfg = Release|Any CPU
		{FD7A76F2-EDE5-4990-9770-E51670FCD36D}.Release|Any CPU.Build.0 = Release|Any CPU
		{AE21973B-08B3-42F1-B999-2B670292ADC6}.Debug|Any CPU.ActiveCfg = Debug|Any CPU
		{AE21973B-08B3-42F1-B999-2B670292ADC6}.Debug|Any CPU.Build.0 = Debug|Any CPU
		{AE21973B-08B3-42F1-B999-2B670292ADC6}.Release|Any CPU.ActiveCfg = Release|Any CPU
		{AE21973B-08B3-42F1-B999-2B670292ADC6}.Release|Any CPU.Build.0 = Release|Any CPU
		{3877EF86-0670-43D0-92D3-52D8434A63F5}.Debug|Any CPU.ActiveCfg = Debug|Any CPU
		{3877EF86-0670-43D0-92D3-52D8434A63F5}.Debug|Any CPU.Build.0 = Debug|Any CPU
		{3877EF86-0670-43D0-92D3-52D8434A63F5}.Release|Any CPU.ActiveCfg = Release|Any CPU
		{3877EF86-0670-43D0-92D3-52D8434A63F5}.Release|Any CPU.Build.0 = Release|Any CPU
	EndGlobalSection
	GlobalSection(SolutionProperties) = preSolution
		HideSolutionNode = FALSE
	EndGlobalSection
	GlobalSection(NestedProjects) = preSolution
		{BCFF851C-47BD-4BB5-A720-A9EAC548FDEB} = {82B29344-4A52-4B64-B8E9-CAE1A6C4D74A}
		{89A0D639-CE2A-49A1-A1EC-4E6BF098B21F} = {82B29344-4A52-4B64-B8E9-CAE1A6C4D74A}
		{DE9D433D-B3BA-4BA8-9548-8AAEB4DF58AC} = {82B29344-4A52-4B64-B8E9-CAE1A6C4D74A}
		{190B146D-1A94-4127-A487-B913DD97F774} = {82B29344-4A52-4B64-B8E9-CAE1A6C4D74A}
		{3DC12C46-39BE-4D47-BB7E-46E64A9CC611} = {82B29344-4A52-4B64-B8E9-CAE1A6C4D74A}
		{E82DC8FC-232D-4CDE-A085-2FD06F6AA928} = {82B29344-4A52-4B64-B8E9-CAE1A6C4D74A}
		{A5DD932F-4803-4549-B78A-E5700ABF688E} = {82B29344-4A52-4B64-B8E9-CAE1A6C4D74A}
		{C22D6340-A711-4388-9FC1-0CC92435DD4A} = {82B29344-4A52-4B64-B8E9-CAE1A6C4D74A}
		{49DCFB50-C105-4A4A-B1DB-15AEB5A56DE5} = {5B17D558-A461-4B37-BAC7-EDD87E589200}
		{75723CCA-25EF-4529-B747-C93335699265} = {A3C4C62B-F761-457D-B6AD-5CBF319E06BC}
		{21AA395F-A308-4C7A-BB5A-7B75BD61F435} = {513561D7-1011-447A-B4AB-83CD5A30E14B}
		{C3B118FF-4C9C-4995-AA9D-10E9F77E331F} = {9D2FECB2-9E45-4A09-8D4B-997994165D6E}
		{1B0B2AA3-5E1A-4E81-96D9-FACBC7CB51A1} = {8C0DF5C8-4E7B-4C49-8104-58FF990DF170}
		{FE0CB079-9FD9-422F-B8EA-F2BA4491558D} = {8F718648-325C-40A0-A641-C181B2E47178}
		{FA89294B-A3D8-4CA8-A676-31418D2C0F57} = {075A6AC3-742E-477C-9A7F-2FEB310ED93B}
		{6220C3E6-E439-48BF-ADA8-1A6B9787818B} = {2EB1B5C7-3C3E-49F4-A4EE-346C0BACEDBB}
		{F8AFD49D-9D65-456B-A4D8-3045FF48AE26} = {CF28383E-1940-45CF-A50A-A62A47F25C94}
		{8641B3A4-B20C-484E-AAF8-E4150E11A94C} = {2EB1B5C7-3C3E-49F4-A4EE-346C0BACEDBB}
		{997015DB-A9B5-41CA-A711-71C887FDBA7B} = {2EB1B5C7-3C3E-49F4-A4EE-346C0BACEDBB}
		{515CCED9-4C3E-4B73-A6AB-19C997F8DAA7} = {2EB1B5C7-3C3E-49F4-A4EE-346C0BACEDBB}
		{3616B043-4ED1-4D9C-B19B-7F2785D01288} = {A138B26F-5FA0-49A0-9F82-438F5E086863}
		{7BB8B64A-5B6F-4ACE-A7FA-1B34201FC411} = {13A4D25B-D639-4DD7-9075-367BCFA0F9CD}
		{8049E718-49D0-4884-9605-15B73EC02F01} = {2EB1B5C7-3C3E-49F4-A4EE-346C0BACEDBB}
		{0766B1A1-A838-428B-8ACC-53C8E9EF4E08} = {2EB1B5C7-3C3E-49F4-A4EE-346C0BACEDBB}
		{0C9E3FC4-4E17-40B2-96F7-B3DD92079D41} = {2EB1B5C7-3C3E-49F4-A4EE-346C0BACEDBB}
		{C77CEEFF-1867-4B26-82D4-9792A33CC1A1} = {2EB1B5C7-3C3E-49F4-A4EE-346C0BACEDBB}
		{B57EF5CB-548A-4742-8D7A-588F7739AA56} = {2EB1B5C7-3C3E-49F4-A4EE-346C0BACEDBB}
		{5C0AAEB0-D9B5-40EC-BA01-B54F602B406D} = {2EB1B5C7-3C3E-49F4-A4EE-346C0BACEDBB}
		{3EAE0B96-5A8A-42D2-B4A6-A2C44D8C5853} = {ECF3EF3E-7815-42B2-846E-955BA897E809}
		{08146EBA-0780-4079-9922-38061E1BC5B7} = {2EB1B5C7-3C3E-49F4-A4EE-346C0BACEDBB}
		{D7CB2978-A36E-4AED-BEBD-E25EB1D63537} = {7C81006A-41FE-4EF0-96CD-B818811F18BA}
		{00FFBC56-1A27-4728-8778-1432F7FACCCE} = {E84BCC99-3B0E-420C-9D3F-A13CD6AFEBD5}
		{9B0B1465-AEA6-4623-8D32-270283F235F9} = {E898937E-31E6-4CB4-96C5-99FF540178E9}
		{D7C9A8FC-E78E-4275-B0F1-72336A49586F} = {1EC885F7-ACCA-4BDB-BA2E-226687E9577B}
		{2AFE5052-3A9F-404A-8CEA-79CA9E1E04A8} = {B03018D2-D5BE-45E8-A62C-445D652C355A}
		{44158773-D4DE-47AF-9ED5-2D51DC1166DA} = {713C3389-6944-403C-BF45-AE705A8F62DB}
		{BC6D5904-397C-4D69-8FB0-EB5C2E9DFCC0} = {713C3389-6944-403C-BF45-AE705A8F62DB}
		{FD7A76F2-EDE5-4990-9770-E51670FCD36D} = {713C3389-6944-403C-BF45-AE705A8F62DB}
		{AE21973B-08B3-42F1-B999-2B670292ADC6} = {713C3389-6944-403C-BF45-AE705A8F62DB}
		{3877EF86-0670-43D0-92D3-52D8434A63F5} = {BBE51A62-7809-4262-902C-F4B1542C6B4C}
	EndGlobalSection
	GlobalSection(ExtensibilityGlobals) = postSolution
		SolutionGuid = {9473A7FD-9F72-4487-9D9C-51E33C783BCB}
	EndGlobalSection
EndGlobal
